
Microsoft Visual Studio Solution File, Format Version 12.00
# Visual Studio Version 16
VisualStudioVersion = 16.0.31112.23
MinimumVisualStudioVersion = 10.0.40219.1
Project("{FAE04EC0-301F-11D3-BF4B-00C04F79EFBC}") = "Senai.Peoples.WebApi", "Senai.Peoples.WebApi\Senai.Peoples.WebApi.csproj", "{A816A85F-FF8A-4816-8593-96322F728697}"
EndProject
Global
	GlobalSection(SolutionConfigurationPlatforms) = preSolution
		Debug|Any CPU = Debug|Any CPU
		Release|Any CPU = Release|Any CPU
	EndGlobalSection
	GlobalSection(ProjectConfigurationPlatforms) = postSolution
		{A816A85F-FF8A-4816-8593-96322F728697}.Debug|Any CPU.ActiveCfg = Debug|Any CPU
		{A816A85F-FF8A-4816-8593-96322F728697}.Debug|Any CPU.Build.0 = Debug|Any CPU
		{A816A85F-FF8A-4816-8593-96322F728697}.Release|Any CPU.ActiveCfg = Release|Any CPU
		{A816A85F-FF8A-4816-8593-96322F728697}.Release|Any CPU.Build.0 = Release|Any CPU
	EndGlobalSection
	GlobalSection(SolutionProperties) = preSolution
		HideSolutionNode = FALSE
	EndGlobalSection
	GlobalSection(ExtensibilityGlobals) = postSolution
		SolutionGuid = {D4219B74-6B6D-4CF8-A15C-64E5085A9FD2}
	EndGlobalSection
EndGlobal
